
Microsoft Visual Studio Solution File, Format Version 12.00
# Visual Studio Version 16
VisualStudioVersion = 16.0.29911.84
MinimumVisualStudioVersion = 10.0.40219.1
Project("{FAE04EC0-301F-11D3-BF4B-00C04F79EFBC}") = "Calculator", "Calculator\Calculator.csproj", "{0EF507E7-E645-4567-8C1B-22A86AC4D447}"
EndProject
Global
	GlobalSection(SolutionConfigurationPlatforms) = preSolution
		Debug|Any CPU = Debug|Any CPU
		Release|Any CPU = Release|Any CPU
	EndGlobalSection
	GlobalSection(ProjectConfigurationPlatforms) = postSolution
		{0EF507E7-E645-4567-8C1B-22A86AC4D447}.Debug|Any CPU.ActiveCfg = Debug|Any CPU
		{0EF507E7-E645-4567-8C1B-22A86AC4D447}.Debug|Any CPU.Build.0 = Debug|Any CPU
		{0EF507E7-E645-4567-8C1B-22A86AC4D447}.Release|Any CPU.ActiveCfg = Release|Any CPU
		{0EF507E7-E645-4567-8C1B-22A86AC4D447}.Release|Any CPU.Build.0 = Release|Any CPU
	EndGlobalSection
	GlobalSection(SolutionProperties) = preSolution
		HideSolutionNode = FALSE
	EndGlobalSection
	GlobalSection(ExtensibilityGlobals) = postSolution
		SolutionGuid = {45C08651-CE2D-4436-8050-BDF93BC0589F}
	EndGlobalSection
EndGlobal
